<?xml version="1.0" encoding="utf-8"?>
<Project ToolsVersion="4.0" xmlns="http://schemas.microsoft.com/developer/msbuild/2003">
  <ItemGroup>
    <Filter Include="Source Files">
      <UniqueIdentifier>{4FC737F1-C7A5-4376-A066-2A32D752A2FF}</UniqueIdentifier>
      <Extensions>cpp;c;cc;cxx;c++;cppm;ixx;def;odl;idl;hpj;bat;asm;asmx</Extensions>
    </Filter>
    <Filter Include="Header Files">
      <UniqueIdentifier>{93995380-89BD-4b04-88EB-625FBE52EBFB}</UniqueIdentifier>
      <Extensions>h;hh;hpp;hxx;h++;hm;inl;inc;ipp;xsd</Extensions>
    </Filter>
    <Filter Include="Resource Files">
      <UniqueIdentifier>{67DA6AB6-F800-4c08-8B7A-83BB121AAD01}</UniqueIdentifier>
      <Extensions>rc;ico;cur;bmp;dlg;rc2;rct;bin;rgs;gif;jpg;jpeg;jpe;resx;tiff;tif;png;wav;mfcribbon-ms</Extensions>
    </Filter>
    <Filter Include="Header Files\States">
      <UniqueIdentifier>{e859c4bd-0bbc-4900-9224-1cb69563b005}</UniqueIdentifier>
    </Filter>
    <Filter Include="Source Files\States">
      <UniqueIdentifier>{266356e2-60c5-4337-a905-a9d79b77f1de}</UniqueIdentifier>
    </Filter>
    <Filter Include="Header Files\Snake">
      <UniqueIdentifier>{308f9200-4ec2-4875-9d5b-7c2a380bf0d6}</UniqueIdentifier>
    </Filter>
    <Filter Include="Header Files\Object Base Classes">
      <UniqueIdentifier>{8aa6a042-a1b7-405d-97c2-2a127a8ea845}</UniqueIdentifier>
    </Filter>
    <Filter Include="Source Files\Object Base Classes">
      <UniqueIdentifier>{44f51f75-0414-4b97-ada6-58c0bf8c9a1f}</UniqueIdentifier>
    </Filter>
    <Filter Include="Source Files\Snake">
      <UniqueIdentifier>{d61f2ebd-3a85-4933-887b-f35c0a7cc21b}</UniqueIdentifier>
    </Filter>
    <Filter Include="Header Files\User Interface Elements">
      <UniqueIdentifier>{c1918385-09f5-49a4-93e5-326483c6ccd2}</UniqueIdentifier>
    </Filter>
    <Filter Include="Source Files\User Interface Elements">
      <UniqueIdentifier>{08ff13fe-1a4a-46c9-a13e-d234cdc7ee3a}</UniqueIdentifier>
    </Filter>
    <Filter Include="Header Files\Map">
      <UniqueIdentifier>{65929147-edfb-42d8-b8dc-239bc9355768}</UniqueIdentifier>
    </Filter>
    <Filter Include="Header Files\Miscellaneous">
      <UniqueIdentifier>{7b85add1-f7cf-4aa2-81bb-83d36539dca2}</UniqueIdentifier>
    </Filter>
    <Filter Include="Source Files\Miscellaneous">
      <UniqueIdentifier>{f6bb7b6b-e2a3-47aa-a780-1c22d37c0879}</UniqueIdentifier>
    </Filter>
    <Filter Include="Source Files\Map">
      <UniqueIdentifier>{d671ef98-9317-4e7c-ad3b-f4c3c85a310c}</UniqueIdentifier>
    </Filter>
  </ItemGroup>
  <ItemGroup>
    <ClCompile Include="Main.cpp">
      <Filter>Source Files</Filter>
    </ClCompile>
    <ClCompile Include="MainMenuState.cpp">
      <Filter>Source Files\States</Filter>
    </ClCompile>
    <ClCompile Include="GameTitleElement.cpp">
      <Filter>Source Files\User Interface Elements</Filter>
    </ClCompile>
    <ClCompile Include="MenuButton.cpp">
      <Filter>Source Files\User Interface Elements</Filter>
    </ClCompile>
    <ClCompile Include="GameState.cpp">
      <Filter>Source Files\States</Filter>
    </ClCompile>
    <ClCompile Include="ClassicSnakeGameState.cpp">
      <Filter>Source Files\States</Filter>
    </ClCompile>
    <ClCompile Include="MenuPointer.cpp">
      <Filter>Source Files\User Interface Elements</Filter>
    </ClCompile>
    <ClCompile Include="CharacterObject.cpp">
      <Filter>Source Files\Object Base Classes</Filter>
    </ClCompile>
    <ClCompile Include="Vector2.cpp">
      <Filter>Source Files\Object Base Classes</Filter>
    </ClCompile>
    <ClCompile Include="SnakeHead.cpp">
      <Filter>Source Files\Snake</Filter>
    </ClCompile>
    <ClCompile Include="Fruit.cpp">
      <Filter>Source Files</Filter>
    </ClCompile>
    <ClCompile Include="SnakeTail.cpp">
      <Filter>Source Files\Snake</Filter>
    </ClCompile>
    <ClCompile Include="Snake.cpp">
      <Filter>Source Files\Snake</Filter>
    </ClCompile>
    <ClCompile Include="UserInterfaceHUD.cpp">
      <Filter>Source Files\User Interface Elements</Filter>
    </ClCompile>
    <ClCompile Include="AdvancedSnakeGameState.cpp">
      <Filter>Source Files\States</Filter>
    </ClCompile>
    <ClCompile Include="Helpers.cpp">
      <Filter>Source Files\Miscellaneous</Filter>
    </ClCompile>
    <ClCompile Include="MapBuilder.cpp">
      <Filter>Source Files\Map</Filter>
    </ClCompile>
  </ItemGroup>
  <ItemGroup>
    <ClInclude Include="State.h">
      <Filter>Header Files\States</Filter>
    </ClInclude>
    <ClInclude Include="GameState.h">
      <Filter>Header Files\States</Filter>
    </ClInclude>
    <ClInclude Include="MainMenuState.h">
      <Filter>Header Files\States</Filter>
    </ClInclude>
    <ClInclude Include="GameTitleElement.h">
      <Filter>Header Files\User Interface Elements</Filter>
    </ClInclude>
    <ClInclude Include="MenuButton.h">
      <Filter>Header Files\User Interface Elements</Filter>
    </ClInclude>
    <ClInclude Include="MenuPointer.h">
      <Filter>Header Files\User Interface Elements</Filter>
    </ClInclude>
    <ClInclude Include="ClassicSnakeGameState.h">
      <Filter>Header Files\States</Filter>
    </ClInclude>
    <ClInclude Include="EnumGameStates.h">
      <Filter>Header Files\States</Filter>
    </ClInclude>
    <ClInclude Include="Object.h">
      <Filter>Header Files\Object Base Classes</Filter>
    </ClInclude>
    <ClInclude Include="Vector2.h">
      <Filter>Header Files\Object Base Classes</Filter>
    </ClInclude>
    <ClInclude Include="CharacterObject.h">
      <Filter>Header Files\Object Base Classes</Filter>
    </ClInclude>
    <ClInclude Include="SnakeHead.h">
      <Filter>Header Files\Snake</Filter>
    </ClInclude>
    <ClInclude Include="Snake.h">
      <Filter>Header Files\Snake</Filter>
    </ClInclude>
    <ClInclude Include="SnakeTail.h">
      <Filter>Header Files\Snake</Filter>
    </ClInclude>
    <ClInclude Include="Fruit.h">
      <Filter>Header Files</Filter>
    </ClInclude>
    <ClInclude Include="UserInterfaceHUD.h">
      <Filter>Header Files\User Interface Elements</Filter>
    </ClInclude>
    <ClInclude Include="AdvancedSnakeGameState.h">
      <Filter>Header Files\States</Filter>
    </ClInclude>
    <ClInclude Include="EnumSnakeControls.h">
      <Filter>Header Files\Snake</Filter>
    </ClInclude>
    <ClInclude Include="MapBuilder.h">
      <Filter>Header Files\Map</Filter>
    </ClInclude>
    <ClInclude Include="EnumMapOptions.h">
      <Filter>Header Files\Map</Filter>
    </ClInclude>
    <ClInclude Include="Helpers.h">
      <Filter>Header Files\Miscellaneous</Filter>
    </ClInclude>
    <ClInclude Include="Settings.h">
      <Filter>Header Files\Miscellaneous</Filter>
    </ClInclude>
    <ClInclude Include="FileReadingHeaders.h">
      <Filter>Header Files\Miscellaneous</Filter>
    </ClInclude>
  </ItemGroup>
</Project>